
Microsoft Visual Studio Solution File, Format Version 12.00
# Visual Studio 15
VisualStudioVersion = 15.0.28307.329
MinimumVisualStudioVersion = 10.0.40219.1
Project("{FAE04EC0-301F-11D3-BF4B-00C04F79EFBC}") = "CustomerWebAPI", "CustomerWebAPI\CustomerWebAPI.csproj", "{B6365D77-E45B-4800-8D38-2FA43B0BBD51}"
EndProject
Global
	GlobalSection(SolutionConfigurationPlatforms) = preSolution
		Debug|Any CPU = Debug|Any CPU
		Release|Any CPU = Release|Any CPU
	EndGlobalSection
	GlobalSection(ProjectConfigurationPlatforms) = postSolution
		{B6365D77-E45B-4800-8D38-2FA43B0BBD51}.Debug|Any CPU.ActiveCfg = Debug|Any CPU
		{B6365D77-E45B-4800-8D38-2FA43B0BBD51}.Debug|Any CPU.Build.0 = Debug|Any CPU
		{B6365D77-E45B-4800-8D38-2FA43B0BBD51}.Release|Any CPU.ActiveCfg = Release|Any CPU
		{B6365D77-E45B-4800-8D38-2FA43B0BBD51}.Release|Any CPU.Build.0 = Release|Any CPU
	EndGlobalSection
	GlobalSection(SolutionProperties) = preSolution
		HideSolutionNode = FALSE
	EndGlobalSection
	GlobalSection(ExtensibilityGlobals) = postSolution
		SolutionGuid = {EF0657DC-005A-4EB8-AF3E-A47E13DB5F78}
	EndGlobalSection
EndGlobal
